
Microsoft Visual Studio Solution File, Format Version 12.00
# Visual Studio Version 16
VisualStudioVersion = 16.0.29215.179
MinimumVisualStudioVersion = 10.0.40219.1
Project("{9A19103F-16F7-4668-BE54-9A1E7A4F7556}") = "Ejercicio_Aplicada", "Ejercicio_Aplicada.csproj", "{4D132654-8627-472A-AEC2-DEA5C68A1A85}"
EndProject
Project("{FAE04EC0-301F-11D3-BF4B-00C04F79EFBC}") = "Tarea3", "..\Tarea3\Tarea3.csproj", "{D362DF2D-D67D-4BCC-B61B-BABBA05DA934}"
EndProject
Global
	GlobalSection(SolutionConfigurationPlatforms) = preSolution
		Debug|Any CPU = Debug|Any CPU
		Release|Any CPU = Release|Any CPU
	EndGlobalSection
	GlobalSection(ProjectConfigurationPlatforms) = postSolution
		{4D132654-8627-472A-AEC2-DEA5C68A1A85}.Debug|Any CPU.ActiveCfg = Debug|Any CPU
		{4D132654-8627-472A-AEC2-DEA5C68A1A85}.Debug|Any CPU.Build.0 = Debug|Any CPU
		{4D132654-8627-472A-AEC2-DEA5C68A1A85}.Release|Any CPU.ActiveCfg = Release|Any CPU
		{4D132654-8627-472A-AEC2-DEA5C68A1A85}.Release|Any CPU.Build.0 = Release|Any CPU
		{D362DF2D-D67D-4BCC-B61B-BABBA05DA934}.Debug|Any CPU.ActiveCfg = Debug|Any CPU
		{D362DF2D-D67D-4BCC-B61B-BABBA05DA934}.Debug|Any CPU.Build.0 = Debug|Any CPU
		{D362DF2D-D67D-4BCC-B61B-BABBA05DA934}.Release|Any CPU.ActiveCfg = Release|Any CPU
		{D362DF2D-D67D-4BCC-B61B-BABBA05DA934}.Release|Any CPU.Build.0 = Release|Any CPU
	EndGlobalSection
	GlobalSection(SolutionProperties) = preSolution
		HideSolutionNode = FALSE
	EndGlobalSection
	GlobalSection(ExtensibilityGlobals) = postSolution
		SolutionGuid = {FCAF3F5F-1ACA-40BD-B588-0C1AA9C694B5}
	EndGlobalSection
EndGlobal
